
Microsoft Visual Studio Solution File, Format Version 12.00
# Visual Studio Version 16
VisualStudioVersion = 16.0.29911.84
MinimumVisualStudioVersion = 10.0.40219.1
Project("{FAE04EC0-301F-11D3-BF4B-00C04F79EFBC}") = "ViewPaymed", "ViewPaymed\ViewPaymed.csproj", "{3C1346B8-A192-499F-9949-FB6F838C2F2D}"
EndProject
Global
	GlobalSection(SolutionConfigurationPlatforms) = preSolution
		Debug|Any CPU = Debug|Any CPU
		Release|Any CPU = Release|Any CPU
	EndGlobalSection
	GlobalSection(ProjectConfigurationPlatforms) = postSolution
		{3C1346B8-A192-499F-9949-FB6F838C2F2D}.Debug|Any CPU.ActiveCfg = Debug|Any CPU
		{3C1346B8-A192-499F-9949-FB6F838C2F2D}.Debug|Any CPU.Build.0 = Debug|Any CPU
		{3C1346B8-A192-499F-9949-FB6F838C2F2D}.Release|Any CPU.ActiveCfg = Release|Any CPU
		{3C1346B8-A192-499F-9949-FB6F838C2F2D}.Release|Any CPU.Build.0 = Release|Any CPU
	EndGlobalSection
	GlobalSection(SolutionProperties) = preSolution
		HideSolutionNode = FALSE
	EndGlobalSection
	GlobalSection(ExtensibilityGlobals) = postSolution
		SolutionGuid = {AB41FA1C-1A42-46B3-B259-7B8C79F2F25E}
	EndGlobalSection
EndGlobal
